{
  "name": "configurator_fk",
  "lockfileVersion": 3,
  "requires": true,
  "packages": {
    "": {
      "dependencies": {
        "threepipe": "^0.0.49"
      }
    },
    "node_modules/@types/stats.js": {
      "version": "0.17.4",
      "resolved": "https://registry.npmjs.org/@types/stats.js/-/stats.js-0.17.4.tgz",
      "integrity": "sha512-jIBvWWShCvlBqBNIZt0KAshWpvSjhkwkEu4ZUcASoAvhmrgAUI2t1dXrjSL4xXVLB4FznPrIsX3nKXFl/Dt4vA==",
      "license": "MIT"
    },
    "node_modules/@types/three": {
      "version": "0.158.1004",
      "resolved": "https://github.com/repalash/three-ts-types/releases/download/v0.158.1004/package.tgz",
      "integrity": "sha512-2/yP96h+aQW0771+E1tCk7grDZZF9RWDx+/oqk+FaXc4L5MuPOMJ9WPIxKtNmRYuFuHf0DxM/BEYm8L54ZaEXQ==",
      "dependencies": {
        "@types/stats.js": "*",
        "@types/webxr": "*",
        "fflate": "~0.6.10",
        "meshoptimizer": "~0.18.1"
      }
    },
    "node_modules/@types/webxr": {
      "version": "0.5.22",
      "resolved": "https://registry.npmjs.org/@types/webxr/-/webxr-0.5.22.tgz",
      "integrity": "sha512-Vr6Stjv5jPRqH690f5I5GLjVk8GSsoQSYJ2FVd/3jJF7KaqfwPi3ehfBS96mlQ2kPCwZaX6U0rG2+NGHBKkA/A==",
      "license": "MIT"
    },
    "node_modules/@types/wicg-file-system-access": {
      "version": "2020.9.8",
      "resolved": "https://registry.npmjs.org/@types/wicg-file-system-access/-/wicg-file-system-access-2020.9.8.tgz",
      "integrity": "sha512-ggMz8nOygG7d/stpH40WVaNvBwuyYLnrg5Mbyf6bmsj/8+gb6Ei4ZZ9/4PNpcPNTT8th9Q8sM8wYmWGjMWLX/A==",
      "license": "MIT"
    },
    "node_modules/fflate": {
      "version": "0.6.10",
      "resolved": "https://registry.npmjs.org/fflate/-/fflate-0.6.10.tgz",
      "integrity": "sha512-IQrh3lEPM93wVCEczc9SaAOvkmcoQn/G8Bo1e8ZPlY3X3bnAxWaBdvTdvM1hP62iZp0BXWDy4vTAy4fF0+Dlpg==",
      "license": "MIT"
    },
    "node_modules/framesync": {
      "version": "6.1.2",
      "resolved": "https://registry.npmjs.org/framesync/-/framesync-6.1.2.tgz",
      "integrity": "sha512-jBTqhX6KaQVDyus8muwZbBeGGP0XgujBRbQ7gM7BRdS3CadCZIHiawyzYLnafYcvZIh5j8WE7cxZKFn7dXhu9g==",
      "license": "MIT",
      "dependencies": {
        "tslib": "2.4.0"
      }
    },
    "node_modules/hey-listen": {
      "version": "1.0.8",
      "resolved": "https://registry.npmjs.org/hey-listen/-/hey-listen-1.0.8.tgz",
      "integrity": "sha512-COpmrF2NOg4TBWUJ5UVyaCU2A88wEMkUPK4hNqyCkqHbxT92BbvfjoSozkAIIm6XhicGlJHhFdullInrdhwU8Q==",
      "license": "MIT"
    },
    "node_modules/meshoptimizer": {
      "version": "0.18.1",
      "resolved": "https://registry.npmjs.org/meshoptimizer/-/meshoptimizer-0.18.1.tgz",
      "integrity": "sha512-ZhoIoL7TNV4s5B6+rx5mC//fw8/POGyNxS/DZyCJeiZ12ScLfVwRE/GfsxwiTkMYYD5DmK2/JXnEVXqL4rF+Sw==",
      "license": "MIT"
    },
    "node_modules/popmotion": {
      "version": "11.0.5",
      "resolved": "https://registry.npmjs.org/popmotion/-/popmotion-11.0.5.tgz",
      "integrity": "sha512-la8gPM1WYeFznb/JqF4GiTkRRPZsfaj2+kCxqQgr2MJylMmIKUwBfWW8Wa5fml/8gmtlD5yI01MP1QCZPWmppA==",
      "license": "MIT",
      "dependencies": {
        "framesync": "6.1.2",
        "hey-listen": "^1.0.8",
        "style-value-types": "5.1.2",
        "tslib": "2.4.0"
      }
    },
    "node_modules/stats.js": {
      "version": "0.17.0",
      "resolved": "https://registry.npmjs.org/stats.js/-/stats.js-0.17.0.tgz",
      "integrity": "sha512-hNKz8phvYLPEcRkeG1rsGmV5ChMjKDAWU7/OJJdDErPBNChQXxCo3WZurGpnWc6gZhAzEPFad1aVgyOANH1sMw==",
      "license": "MIT"
    },
    "node_modules/style-value-types": {
      "version": "5.1.2",
      "resolved": "https://registry.npmjs.org/style-value-types/-/style-value-types-5.1.2.tgz",
      "integrity": "sha512-Vs9fNreYF9j6W2VvuDTP7kepALi7sk0xtk2Tu8Yxi9UoajJdEVpNpCov0HsLTqXvNGKX+Uv09pkozVITi1jf3Q==",
      "license": "MIT",
      "dependencies": {
        "hey-listen": "^1.0.8",
        "tslib": "2.4.0"
      }
    },
    "node_modules/threepipe": {
      "version": "0.0.49",
      "resolved": "https://registry.npmjs.org/threepipe/-/threepipe-0.0.49.tgz",
      "integrity": "sha512-+7pBL1B+J8zx82Mad0ZDgwGNA2N0ufOEvVxQ8xBpE7lGnzKrMJCtIhidPD6evbrysbYxlpnfzicqLdPWNo1OQg==",
      "license": "Apache-2.0",
      "dependencies": {
        "@types/three": "https://github.com/repalash/three-ts-types/releases/download/v0.158.1004/package.tgz",
        "@types/webxr": "^0.5.1",
        "@types/wicg-file-system-access": "^2020.9.5",
        "popmotion": "^11.0.5",
        "stats.js": "^0.17.0",
        "ts-browser-helpers": "^0.16.2",
        "uiconfig.js": "^0.1.5"
      },
      "peerDependencies": {
        "three": "https://github.com/repalash/three.js-modded/releases/download/v0.158.1004/package.tgz"
      },
      "peerDependenciesMeta": {
        "three": {
          "optional": true
        }
      }
    },
    "node_modules/ts-browser-helpers": {
      "version": "0.16.3",
      "resolved": "https://registry.npmjs.org/ts-browser-helpers/-/ts-browser-helpers-0.16.3.tgz",
      "integrity": "sha512-ClAmN+y1oVMIBQ6+gexw/BYd2RjegevC0XyoUSHK9r4fYtI3tPAglzXlTkyu0s/H3dLYZK5rs6Rcal9A1Rgq5g==",
      "license": "MIT",
      "dependencies": {
        "@types/wicg-file-system-access": "^2020.9.5"
      },
      "engines": {
        "node": ">=22.0.0"
      }
    },
    "node_modules/tslib": {
      "version": "2.4.0",
      "resolved": "https://registry.npmjs.org/tslib/-/tslib-2.4.0.tgz",
      "integrity": "sha512-d6xOpEDfsi2CZVlPQzGeux8XMwLT9hssAsaPYExaQMuYskwb+x1x7J371tWlbBdWHroy99KnVB6qIkUbs5X3UQ==",
      "license": "0BSD"
    },
    "node_modules/uiconfig.js": {
      "version": "0.1.5",
      "resolved": "https://registry.npmjs.org/uiconfig.js/-/uiconfig.js-0.1.5.tgz",
      "integrity": "sha512-qsNfb0cnMTpTk9rp6i6wXHJh3w02vxoi2GceYwRfqjqtgmGeFahAuQpdN6d0qR8V0ALs54eyfDOljo50ccNXgw==",
      "license": "MIT"
    }
  }
}
